
Microsoft Visual Studio Solution File, Format Version 12.00
# Visual Studio 15
VisualStudioVersion = 15.0.28307.1022
MinimumVisualStudioVersion = 10.0.40219.1
Project("{FAE04EC0-301F-11D3-BF4B-00C04F79EFBC}") = "PR24-2017-PZ2", "PR24-2017-PZ2\PR24-2017-PZ2.csproj", "{90C04A71-A8DB-4427-B624-9F9530F65EB5}"
EndProject
Global
	GlobalSection(SolutionConfigurationPlatforms) = preSolution
		Debug|Any CPU = Debug|Any CPU
		Release|Any CPU = Release|Any CPU
	EndGlobalSection
	GlobalSection(ProjectConfigurationPlatforms) = postSolution
		{90C04A71-A8DB-4427-B624-9F9530F65EB5}.Debug|Any CPU.ActiveCfg = Debug|Any CPU
		{90C04A71-A8DB-4427-B624-9F9530F65EB5}.Debug|Any CPU.Build.0 = Debug|Any CPU
		{90C04A71-A8DB-4427-B624-9F9530F65EB5}.Release|Any CPU.ActiveCfg = Release|Any CPU
		{90C04A71-A8DB-4427-B624-9F9530F65EB5}.Release|Any CPU.Build.0 = Release|Any CPU
	EndGlobalSection
	GlobalSection(SolutionProperties) = preSolution
		HideSolutionNode = FALSE
	EndGlobalSection
	GlobalSection(ExtensibilityGlobals) = postSolution
		SolutionGuid = {3237C235-8D53-4C27-A030-4203E05670B2}
	EndGlobalSection
EndGlobal
